
Microsoft Visual Studio Solution File, Format Version 12.00
# Visual Studio 15
VisualStudioVersion = 15.0.26403.7
MinimumVisualStudioVersion = 10.0.40219.1
Project("{FAE04EC0-301F-11D3-BF4B-00C04F79EFBC}") = "Server", "Server\Server.csproj", "{6DE1B444-1F76-44A5-8F72-D4E0D0634310}"
EndProject
Project("{54435603-DBB4-11D2-8724-00A0C9A8B90C}") = "Server CODE KILLER", "Server CODE KILLER\Server CODE KILLER.vdproj", "{A3A319B6-441C-4D65-943E-801913E5CA40}"
EndProject
Global
	GlobalSection(SolutionConfigurationPlatforms) = preSolution
		Debug|Any CPU = Debug|Any CPU
		Release|Any CPU = Release|Any CPU
	EndGlobalSection
	GlobalSection(ProjectConfigurationPlatforms) = postSolution
		{6DE1B444-1F76-44A5-8F72-D4E0D0634310}.Debug|Any CPU.ActiveCfg = Debug|Any CPU
		{6DE1B444-1F76-44A5-8F72-D4E0D0634310}.Debug|Any CPU.Build.0 = Debug|Any CPU
		{6DE1B444-1F76-44A5-8F72-D4E0D0634310}.Release|Any CPU.ActiveCfg = Release|Any CPU
		{6DE1B444-1F76-44A5-8F72-D4E0D0634310}.Release|Any CPU.Build.0 = Release|Any CPU
		{A3A319B6-441C-4D65-943E-801913E5CA40}.Debug|Any CPU.ActiveCfg = Debug
		{A3A319B6-441C-4D65-943E-801913E5CA40}.Release|Any CPU.ActiveCfg = Release
	EndGlobalSection
	GlobalSection(SolutionProperties) = preSolution
		HideSolutionNode = FALSE
	EndGlobalSection
EndGlobal
